# This file is autogenerated, do not edit; changes may be undone by the next 'dep ensure'.


[[projects]]
  digest = "1:6360cb302ee308462f9e73479dba307fcf64f0307a5cb3651dcd2bafc8460e9e"
  name = "github.com/int128/slack"
  packages = ["."]
  pruneopts = "UT"
  revision = "adb27876ebcaed626459d5998fd0227f143880b1"
  version = "v1.4.0"

[[projects]]
  digest = "1:cf31692c14422fa27c83a05292eb5cbe0fb2775972e8f1f8446a71549bd8980b"
  name = "github.com/pkg/errors"
  packages = ["."]
  pruneopts = "UT"
  revision = "ba968bfe8b2f7e042a574c888954fccecfa385b4"
  version = "v0.8.1"

[solve-meta]
  analyzer-name = "dep"
  analyzer-version = 1
  input-imports = ["github.com/int128/slack"]
  solver-name = "gps-cdcl"
  solver-version = 1
